// !$*UTF8*$!
{
	archiveVersion = 1;
	classes = {
	};
	objectVersion = 50;
	objects = {

/* Begin PBXBuildFile section */
		D61DF3F320A2F1D400769D3F /* AppDelegate.swift in Sources */ = {isa = PBXBuildFile; fileRef = D61DF3F220A2F1D400769D3F /* AppDelegate.swift */; };
		D61DF3F520A2F1D400769D3F /* ViewController.swift in Sources */ = {isa = PBXBuildFile; fileRef = D61DF3F420A2F1D400769D3F /* ViewController.swift */; };
		D61DF3F820A2F1D400769D3F /* Main.storyboard in Resources */ = {isa = PBXBuildFile; fileRef = D61DF3F620A2F1D400769D3F /* Main.storyboard */; };
		D61DF3FA20A2F1D500769D3F /* Assets.xcassets in Resources */ = {isa = PBXBuildFile; fileRef = D61DF3F920A2F1D500769D3F /* Assets.xcassets */; };
		D61DF3FD20A2F1D500769D3F /* LaunchScreen.storyboard in Resources */ = {isa = PBXBuildFile; fileRef = D61DF3FB20A2F1D500769D3F /* LaunchScreen.storyboard */; };
		D61DF40820A2F1D500769D3F /* MusicPlayerTests.swift in Sources */ = {isa = PBXBuildFile; fileRef = D61DF40720A2F1D500769D3F /* MusicPlayerTests.swift */; };
		D61DF41320A2F1D500769D3F /* MusicPlayerUITests.swift in Sources */ = {isa = PBXBuildFile; fileRef = D61DF41220A2F1D500769D3F /* MusicPlayerUITests.swift */; };
/* End PBXBuildFile section */

/* Begin PBXContainerItemProxy section */
		D61DF40420A2F1D500769D3F /* PBXContainerItemProxy */ = {
			isa = PBXContainerItemProxy;
			containerPortal = D61DF3E720A2F1D400769D3F /* Project object */;
			proxyType = 1;
			remoteGlobalIDString = D61DF3EE20A2F1D400769D3F;
			remoteInfo = MusicPlayer;
		};
		D61DF40F20A2F1D500769D3F /* PBXContainerItemProxy */ = {
			isa = PBXContainerItemProxy;
			containerPortal = D61DF3E720A2F1D400769D3F /* Project object */;
			proxyType = 1;
			remoteGlobalIDString = D61DF3EE20A2F1D400769D3F;
			remoteInfo = MusicPlayer;
		};
/* End PBXContainerItemProxy section */

/* Begin PBXFileReference section */
		D61DF3EF20A2F1D400769D3F /* MusicPlayer.app */ = {isa = PBXFileReference; explicitFileType = wrapper.application; includeInIndex = 0; path = MusicPlayer.app; sourceTree = BUILT_PRODUCTS_DIR; };
		D61DF3F220A2F1D400769D3F /* AppDelegate.swift */ = {isa = PBXFileReference; lastKnownFileType = sourcecode.swift; path = AppDelegate.swift; sourceTree = "<group>"; };
		D61DF3F420A2F1D400769D3F /* ViewController.swift */ = {isa = PBXFileReference; lastKnownFileType = sourcecode.swift; path = ViewController.swift; sourceTree = "<group>"; };
		D61DF3F720A2F1D400769D3F /* Base */ = {isa = PBXFileReference; lastKnownFileType = file.storyboard; name = Base; path = Base.lproj/Main.storyboard; sourceTree = "<group>"; };
		D61DF3F920A2F1D500769D3F /* Assets.xcassets */ = {isa = PBXFileReference; lastKnownFileType = folder.assetcatalog; path = Assets.xcassets; sourceTree = "<group>"; };
		D61DF3FC20A2F1D500769D3F /* Base */ = {isa = PBXFileReference; lastKnownFileType = file.storyboard; name = Base; path = Base.lproj/LaunchScreen.storyboard; sourceTree = "<group>"; };
		D61DF3FE20A2F1D500769D3F /* Info.plist */ = {isa = PBXFileReference; lastKnownFileType = text.plist.xml; path = Info.plist; sourceTree = "<group>"; };
		D61DF40320A2F1D500769D3F /* MusicPlayerTests.xctest */ = {isa = PBXFileReference; explicitFileType = wrapper.cfbundle; includeInIndex = 0; path = MusicPlayerTests.xctest; sourceTree = BUILT_PRODUCTS_DIR; };
		D61DF40720A2F1D500769D3F /* MusicPlayerTests.swift */ = {isa = PBXFileReference; lastKnownFileType = sourcecode.swift; path = MusicPlayerTests.swift; sourceTree = "<group>"; };
		D61DF40920A2F1D500769D3F /* Info.plist */ = {isa = PBXFileReference; lastKnownFileType = text.plist.xml; path = Info.plist; sourceTree = "<group>"; };
		D61DF40E20A2F1D500769D3F /* MusicPlayerUITests.xctest */ = {isa = PBXFileReference; explicitFileType = wrapper.cfbundle; includeInIndex = 0; path = MusicPlayerUITests.xctest; sourceTree = BUILT_PRODUCTS_DIR; };
		D61DF41220A2F1D500769D3F /* MusicPlayerUITests.swift */ = {isa = PBXFileReference; lastKnownFileType = sourcecode.swift; path = MusicPlayerUITests.swift; sourceTree = "<group>"; };
		D61DF41420A2F1D500769D3F /* Info.plist */ = {isa = PBXFileReference; lastKnownFileType = text.plist.xml; path = Info.plist; sourceTree = "<group>"; };
/* End PBXFileReference section */

/* Begin PBXFrameworksBuildPhase section */
		D61DF3EC20A2F1D400769D3F /* Frameworks */ = {
			isa = PBXFrameworksBuildPhase;
			buildActionMask = 2147483647;
			files = (
			);
			runOnlyForDeploymentPostprocessing = 0;
		};
		D61DF40020A2F1D500769D3F /* Frameworks */ = {
			isa = PBXFrameworksBuildPhase;
			buildActionMask = 2147483647;
			files = (
			);
			runOnlyForDeploymentPostprocessing = 0;
		};
		D61DF40B20A2F1D500769D3F /* Frameworks */ = {
			isa = PBXFrameworksBuildPhase;
			buildActionMask = 2147483647;
			files = (
			);
			runOnlyForDeploymentPostprocessing = 0;
		};
/* End PBXFrameworksBuildPhase section */

/* Begin PBXGroup section */
		D61DF3E620A2F1D400769D3F = {
			isa = PBXGroup;
			children = (
				D61DF3F120A2F1D400769D3F /* MusicPlayer */,
				D61DF40620A2F1D500769D3F /* MusicPlayerTests */,
				D61DF41120A2F1D500769D3F /* MusicPlayerUITests */,
				D61DF3F020A2F1D400769D3F /* Products */,
			);
			sourceTree = "<group>";
		};
		D61DF3F020A2F1D400769D3F /* Products */ = {
			isa = PBXGroup;
			children = (
				D61DF3EF20A2F1D400769D3F /* MusicPlayer.app */,
				D61DF40320A2F1D500769D3F /* MusicPlayerTests.xctest */,
				D61DF40E20A2F1D500769D3F /* MusicPlayerUITests.xctest */,
			);
			name = Products;
			sourceTree = "<group>";
		};
		D61DF3F120A2F1D400769D3F /* MusicPlayer */ = {
			isa = PBXGroup;
			children = (
				D61DF3F220A2F1D400769D3F /* AppDelegate.swift */,
				D61DF3F420A2F1D400769D3F /* ViewController.swift */,
				D61DF3F620A2F1D400769D3F /* Main.storyboard */,
				D61DF3F920A2F1D500769D3F /* Assets.xcassets */,
				D61DF3FB20A2F1D500769D3F /* LaunchScreen.storyboard */,
				D61DF3FE20A2F1D500769D3F /* Info.plist */,
			);
			path = MusicPlayer;
			sourceTree = "<group>";
		};
		D61DF40620A2F1D500769D3F /* MusicPlayerTests */ = {
			isa = PBXGroup;
			children = (
				D61DF40720A2F1D500769D3F /* MusicPlayerTests.swift */,
				D61DF40920A2F1D500769D3F /* Info.plist */,
			);
			path = MusicPlayerTests;
			sourceTree = "<group>";
		};
		D61DF41120A2F1D500769D3F /* MusicPlayerUITests */ = {
			isa = PBXGroup;
			children = (
				D61DF41220A2F1D500769D3F /* MusicPlayerUITests.swift */,
				D61DF41420A2F1D500769D3F /* Info.plist */,
			);
			path = MusicPlayerUITests;
			sourceTree = "<group>";
		};
/* End PBXGroup section */

/* Begin PBXNativeTarget section */
		D61DF3EE20A2F1D400769D3F /* MusicPlayer */ = {
			isa = PBXNativeTarget;
			buildConfigurationList = D61DF41720A2F1D500769D3F /* Build configuration list for PBXNativeTarget "MusicPlayer" */;
			buildPhases = (
				D61DF3EB20A2F1D400769D3F /* Sources */,
				D61DF3EC20A2F1D400769D3F /* Frameworks */,
				D61DF3ED20A2F1D400769D3F /* Resources */,
			);
			buildRules = (
			);
			dependencies = (
			);
			name = MusicPlayer;
			productName = MusicPlayer;
			productReference = D61DF3EF20A2F1D400769D3F /* MusicPlayer.app */;
			productType = "com.apple.product-type.application";
		};
		D61DF40220A2F1D500769D3F /* MusicPlayerTests */ = {
			isa = PBXNativeTarget;
			buildConfigurationList = D61DF41A20A2F1D500769D3F /* Build configuration list for PBXNativeTarget "MusicPlayerTests" */;
			buildPhases = (
				D61DF3FF20A2F1D500769D3F /* Sources */,
				D61DF40020A2F1D500769D3F /* Frameworks */,
				D61DF40120A2F1D500769D3F /* Resources */,
			);
			buildRules = (
			);
			dependencies = (
				D61DF40520A2F1D500769D3F /* PBXTargetDependency */,
			);
			name = MusicPlayerTests;
			productName = MusicPlayerTests;
			productReference = D61DF40320A2F1D500769D3F /* MusicPlayerTests.xctest */;
			productType = "com.apple.product-type.bundle.unit-test";
		};
		D61DF40D20A2F1D500769D3F /* MusicPlayerUITests */ = {
			isa = PBXNativeTarget;
			buildConfigurationList = D61DF41D20A2F1D500769D3F /* Build configuration list for PBXNativeTarget "MusicPlayerUITests" */;
			buildPhases = (
				D61DF40A20A2F1D500769D3F /* Sources */,
				D61DF40B20A2F1D500769D3F /* Frameworks */,
				D61DF40C20A2F1D500769D3F /* Resources */,
			);
			buildRules = (
			);
			dependencies = (
				D61DF41020A2F1D500769D3F /* PBXTargetDependency */,
			);
			name = MusicPlayerUITests;
			productName = MusicPlayerUITests;
			productReference = D61DF40E20A2F1D500769D3F /* MusicPlayerUITests.xctest */;
			productType = "com.apple.product-type.bundle.ui-testing";
		};
/* End PBXNativeTarget section */

/* Begin PBXProject section */
		D61DF3E720A2F1D400769D3F /* Project object */ = {
			isa = PBXProject;
			attributes = {
				LastSwiftUpdateCheck = 0930;
				LastUpgradeCheck = 0930;
				ORGANIZATIONNAME = "전예린";
				TargetAttributes = {
					D61DF3EE20A2F1D400769D3F = {
						CreatedOnToolsVersion = 9.3;
					};
					D61DF40220A2F1D500769D3F = {
						CreatedOnToolsVersion = 9.3;
						TestTargetID = D61DF3EE20A2F1D400769D3F;
					};
					D61DF40D20A2F1D500769D3F = {
						CreatedOnToolsVersion = 9.3;
						TestTargetID = D61DF3EE20A2F1D400769D3F;
					};
				};
			};
			buildConfigurationList = D61DF3EA20A2F1D400769D3F /* Build configuration list for PBXProject "MusicPlayer" */;
			compatibilityVersion = "Xcode 9.3";
			developmentRegion = en;
			hasScannedForEncodings = 0;
			knownRegions = (
				en,
				Base,
			);
			mainGroup = D61DF3E620A2F1D400769D3F;
			productRefGroup = D61DF3F020A2F1D400769D3F /* Products */;
			projectDirPath = "";
			projectRoot = "";
			targets = (
				D61DF3EE20A2F1D400769D3F /* MusicPlayer */,
				D61DF40220A2F1D500769D3F /* MusicPlayerTests */,
				D61DF40D20A2F1D500769D3F /* MusicPlayerUITests */,
			);
		};
/* End PBXProject section */

/* Begin PBXResourcesBuildPhase section */
		D61DF3ED20A2F1D400769D3F /* Resources */ = {
			isa = PBXResourcesBuildPhase;
			buildActionMask = 2147483647;
			files = (
				D61DF3FD20A2F1D500769D3F /* LaunchScreen.storyboard in Resources */,
				D61DF3FA20A2F1D500769D3F /* Assets.xcassets in Resources */,
				D61DF3F820A2F1D400769D3F /* Main.storyboard in Resources */,
			);
			runOnlyForDeploymentPostprocessing = 0;
		};
		D61DF40120A2F1D500769D3F /* Resources */ = {
			isa = PBXResourcesBuildPhase;
			buildActionMask = 2147483647;
			files = (
			);
			runOnlyForDeploymentPostprocessing = 0;
		};
		D61DF40C20A2F1D500769D3F /* Resources */ = {
			isa = PBXResourcesBuildPhase;
			buildActionMask = 2147483647;
			files = (
			);
			runOnlyForDeploymentPostprocessing = 0;
		};
/* End PBXResourcesBuildPhase section */

/* Begin PBXSourcesBuildPhase section */
		D61DF3EB20A2F1D400769D3F /* Sources */ = {
			isa = PBXSourcesBuildPhase;
			buildActionMask = 2147483647;
			files = (
				D61DF3F520A2F1D400769D3F /* ViewController.swift in Sources */,
				D61DF3F320A2F1D400769D3F /* AppDelegate.swift in Sources */,
			);
			runOnlyForDeploymentPostprocessing = 0;
		};
		D61DF3FF20A2F1D500769D3F /* Sources */ = {
			isa = PBXSourcesBuildPhase;
			buildActionMask = 2147483647;
			files = (
				D61DF40820A2F1D500769D3F /* MusicPlayerTests.swift in Sources */,
			);
			runOnlyForDeploymentPostprocessing = 0;
		};
		D61DF40A20A2F1D500769D3F /* Sources */ = {
			isa = PBXSourcesBuildPhase;
			buildActionMask = 2147483647;
			files = (
				D61DF41320A2F1D500769D3F /* MusicPlayerUITests.swift in Sources */,
			);
			runOnlyForDeploymentPostprocessing = 0;
		};
/* End PBXSourcesBuildPhase section */

/* Begin PBXTargetDependency section */
		D61DF40520A2F1D500769D3F /* PBXTargetDependency */ = {
			isa = PBXTargetDependency;
			target = D61DF3EE20A2F1D400769D3F /* MusicPlayer */;
			targetProxy = D61DF40420A2F1D500769D3F /* PBXContainerItemProxy */;
		};
		D61DF41020A2F1D500769D3F /* PBXTargetDependency */ = {
			isa = PBXTargetDependency;
			target = D61DF3EE20A2F1D400769D3F /* MusicPlayer */;
			targetProxy = D61DF40F20A2F1D500769D3F /* PBXContainerItemProxy */;
		};
/* End PBXTargetDependency section */

/* Begin PBXVariantGroup section */
		D61DF3F620A2F1D400769D3F /* Main.storyboard */ = {
			isa = PBXVariantGroup;
			children = (
				D61DF3F720A2F1D400769D3F /* Base */,
			);
			name = Main.storyboard;
			sourceTree = "<group>";
		};
		D61DF3FB20A2F1D500769D3F /* LaunchScreen.storyboard */ = {
			isa = PBXVariantGroup;
			children = (
				D61DF3FC20A2F1D500769D3F /* Base */,
			);
			name = LaunchScreen.storyboard;
			sourceTree = "<group>";
		};
/* End PBXVariantGroup section */

/* Begin XCBuildConfiguration section */
		D61DF41520A2F1D500769D3F /* Debug */ = {
			isa = XCBuildConfiguration;
			buildSettings = {
				ALWAYS_SEARCH_USER_PATHS = NO;
				CLANG_ANALYZER_NONNULL = YES;
				CLANG_ANALYZER_NUMBER_OBJECT_CONVERSION = YES_AGGRESSIVE;
				CLANG_CXX_LANGUAGE_STANDARD = "gnu++14";
				CLANG_CXX_LIBRARY = "libc++";
				CLANG_ENABLE_MODULES = YES;
				CLANG_ENABLE_OBJC_ARC = YES;
				CLANG_ENABLE_OBJC_WEAK = YES;
				CLANG_WARN_BLOCK_CAPTURE_AUTORELEASING = YES;
				CLANG_WARN_BOOL_CONVERSION = YES;
				CLANG_WARN_COMMA = YES;
				CLANG_WARN_CONSTANT_CONVERSION = YES;
				CLANG_WARN_DEPRECATED_OBJC_IMPLEMENTATIONS = YES;
				CLANG_WARN_DIRECT_OBJC_ISA_USAGE = YES_ERROR;
				CLANG_WARN_DOCUMENTATION_COMMENTS = YES;
				CLANG_WARN_EMPTY_BODY = YES;
				CLANG_WARN_ENUM_CONVERSION = YES;
				CLANG_WARN_INFINITE_RECURSION = YES;
				CLANG_WARN_INT_CONVERSION = YES;
				CLANG_WARN_NON_LITERAL_NULL_CONVERSION = YES;
				CLANG_WARN_OBJC_IMPLICIT_RETAIN_SELF = YES;
				CLANG_WARN_OBJC_LITERAL_CONVERSION = YES;
				CLANG_WARN_OBJC_ROOT_CLASS = YES_ERROR;
				CLANG_WARN_RANGE_LOOP_ANALYSIS = YES;
				CLANG_WARN_STRICT_PROTOTYPES = YES;
				CLANG_WARN_SUSPICIOUS_MOVE = YES;
				CLANG_WARN_UNGUARDED_AVAILABILITY = YES_AGGRESSIVE;
				CLANG_WARN_UNREACHABLE_CODE = YES;
				CLANG_WARN__DUPLICATE_METHOD_MATCH = YES;
				CODE_SIGN_IDENTITY = "iPhone Developer";
				COPY_PHASE_STRIP = NO;
				DEBUG_INFORMATION_FORMAT = dwarf;
				ENABLE_STRICT_OBJC_MSGSEND = YES;
				ENABLE_TESTABILITY = YES;
				GCC_C_LANGUAGE_STANDARD = gnu11;
				GCC_DYNAMIC_NO_PIC = NO;
				GCC_NO_COMMON_BLOCKS = YES;
				GCC_OPTIMIZATION_LEVEL = 0;
				GCC_PREPROCESSOR_DEFINITIONS = (
					"DEBUG=1",
					"$(inherited)",
				);
				GCC_WARN_64_TO_32_BIT_CONVERSION = YES;
				GCC_WARN_ABOUT_RETURN_TYPE = YES_ERROR;
				GCC_WARN_UNDECLARED_SELECTOR = YES;
				GCC_WARN_UNINITIALIZED_AUTOS = YES_AGGRESSIVE;
				GCC_WARN_UNUSED_FUNCTION = YES;
				GCC_WARN_UNUSED_VARIABLE = YES;
				IPHONEOS_DEPLOYMENT_TARGET = 11.3;
				MTL_ENABLE_DEBUG_INFO = YES;
				ONLY_ACTIVE_ARCH = YES;
				SDKROOT = iphoneos;
				SWIFT_ACTIVE_COMPILATION_CONDITIONS = DEBUG;
				SWIFT_OPTIMIZATION_LEVEL = "-Onone";
			};
			name = Debug;
		};
		D61DF41620A2F1D500769D3F /* Release */ = {
			isa = XCBuildConfiguration;
			buildSettings = {
				ALWAYS_SEARCH_USER_PATHS = NO;
				CLANG_ANALYZER_NONNULL = YES;
				CLANG_ANALYZER_NUMBER_OBJECT_CONVERSION = YES_AGGRESSIVE;
				CLANG_CXX_LANGUAGE_STANDARD = "gnu++14";
				CLANG_CXX_LIBRARY = "libc++";
				CLANG_ENABLE_MODULES = YES;
				CLANG_ENABLE_OBJC_ARC = YES;
				CLANG_ENABLE_OBJC_WEAK = YES;
				CLANG_WARN_BLOCK_CAPTURE_AUTORELEASING = YES;
				CLANG_WARN_BOOL_CONVERSION = YES;
				CLANG_WARN_COMMA = YES;
				CLANG_WARN_CONSTANT_CONVERSION = YES;
				CLANG_WARN_DEPRECATED_OBJC_IMPLEMENTATIONS = YES;
				CLANG_WARN_DIRECT_OBJC_ISA_USAGE = YES_ERROR;
				CLANG_WARN_DOCUMENTATION_COMMENTS = YES;
				CLANG_WARN_EMPTY_BODY = YES;
				CLANG_WARN_ENUM_CONVERSION = YES;
				CLANG_WARN_INFINITE_RECURSION = YES;
				CLANG_WARN_INT_CONVERSION = YES;
				CLANG_WARN_NON_LITERAL_NULL_CONVERSION = YES;
				CLANG_WARN_OBJC_IMPLICIT_RETAIN_SELF = YES;
				CLANG_WARN_OBJC_LITERAL_CONVERSION = YES;
				CLANG_WARN_OBJC_ROOT_CLASS = YES_ERROR;
				CLANG_WARN_RANGE_LOOP_ANALYSIS = YES;
				CLANG_WARN_STRICT_PROTOTYPES = YES;
				CLANG_WARN_SUSPICIOUS_MOVE = YES;
				CLANG_WARN_UNGUARDED_AVAILABILITY = YES_AGGRESSIVE;
				CLANG_WARN_UNREACHABLE_CODE = YES;
				CLANG_WARN__DUPLICATE_METHOD_MATCH = YES;
				CODE_SIGN_IDENTITY = "iPhone Developer";
				COPY_PHASE_STRIP = NO;
				DEBUG_INFORMATION_FORMAT = "dwarf-with-dsym";
				ENABLE_NS_ASSERTIONS = NO;
				ENABLE_STRICT_OBJC_MSGSEND = YES;
				GCC_C_LANGUAGE_STANDARD = gnu11;
				GCC_NO_COMMON_BLOCKS = YES;
				GCC_WARN_64_TO_32_BIT_CONVERSION = YES;
				GCC_WARN_ABOUT_RETURN_TYPE = YES_ERROR;
				GCC_WARN_UNDECLARED_SELECTOR = YES;
				GCC_WARN_UNINITIALIZED_AUTOS = YES_AGGRESSIVE;
				GCC_WARN_UNUSED_FUNCTION = YES;
				GCC_WARN_UNUSED_VARIABLE = YES;
				IPHONEOS_DEPLOYMENT_TARGET = 11.3;
				MTL_ENABLE_DEBUG_INFO = NO;
				SDKROOT = iphoneos;
				SWIFT_COMPILATION_MODE = wholemodule;
				SWIFT_OPTIMIZATION_LEVEL = "-O";
				VALIDATE_PRODUCT = YES;
			};
			name = Release;
		};
		D61DF41820A2F1D500769D3F /* Debug */ = {
			isa = XCBuildConfiguration;
			buildSettings = {
				ASSETCATALOG_COMPILER_APPICON_NAME = AppIcon;
				CODE_SIGN_STYLE = Automatic;
				INFOPLIST_FILE = MusicPlayer/Info.plist;
				LD_RUNPATH_SEARCH_PATHS = (
					"$(inherited)",
					"@executable_path/Frameworks",
				);
				PRODUCT_BUNDLE_IDENTIFIER = com.example.MusicPlayer;
				PRODUCT_NAME = "$(TARGET_NAME)";
				SWIFT_VERSION = 4.0;
				TARGETED_DEVICE_FAMILY = "1,2";
			};
			name = Debug;
		};
		D61DF41920A2F1D500769D3F /* Release */ = {
			isa = XCBuildConfiguration;
			buildSettings = {
				ASSETCATALOG_COMPILER_APPICON_NAME = AppIcon;
				CODE_SIGN_STYLE = Automatic;
				INFOPLIST_FILE = MusicPlayer/Info.plist;
				LD_RUNPATH_SEARCH_PATHS = (
					"$(inherited)",
					"@executable_path/Frameworks",
				);
				PRODUCT_BUNDLE_IDENTIFIER = com.example.MusicPlayer;
				PRODUCT_NAME = "$(TARGET_NAME)";
				SWIFT_VERSION = 4.0;
				TARGETED_DEVICE_FAMILY = "1,2";
			};
			name = Release;
		};
		D61DF41B20A2F1D500769D3F /* Debug */ = {
			isa = XCBuildConfiguration;
			buildSettings = {
				ALWAYS_EMBED_SWIFT_STANDARD_LIBRARIES = YES;
				BUNDLE_LOADER = "$(TEST_HOST)";
				CODE_SIGN_STYLE = Automatic;
				INFOPLIST_FILE = MusicPlayerTests/Info.plist;
				LD_RUNPATH_SEARCH_PATHS = (
					"$(inherited)",
					"@executable_path/Frameworks",
					"@loader_path/Frameworks",
				);
				PRODUCT_BUNDLE_IDENTIFIER = com.example.MusicPlayerTests;
				PRODUCT_NAME = "$(TARGET_NAME)";
				SWIFT_VERSION = 4.0;
				TARGETED_DEVICE_FAMILY = "1,2";
				TEST_HOST = "$(BUILT_PRODUCTS_DIR)/MusicPlayer.app/MusicPlayer";
			};
			name = Debug;
		};
		D61DF41C20A2F1D500769D3F /* Release */ = {
			isa = XCBuildConfiguration;
			buildSettings = {
				ALWAYS_EMBED_SWIFT_STANDARD_LIBRARIES = YES;
				BUNDLE_LOADER = "$(TEST_HOST)";
				CODE_SIGN_STYLE = Automatic;
				INFOPLIST_FILE = MusicPlayerTests/Info.plist;
				LD_RUNPATH_SEARCH_PATHS = (
					"$(inherited)",
					"@executable_path/Frameworks",
					"@loader_path/Frameworks",
				);
				PRODUCT_BUNDLE_IDENTIFIER = com.example.MusicPlayerTests;
				PRODUCT_NAME = "$(TARGET_NAME)";
				SWIFT_VERSION = 4.0;
				TARGETED_DEVICE_FAMILY = "1,2";
				TEST_HOST = "$(BUILT_PRODUCTS_DIR)/MusicPlayer.app/MusicPlayer";
			};
			name = Release;
		};
		D61DF41E20A2F1D500769D3F /* Debug */ = {
			isa = XCBuildConfiguration;
			buildSettings = {
				ALWAYS_EMBED_SWIFT_STANDARD_LIBRARIES = YES;
				CODE_SIGN_STYLE = Automatic;
				INFOPLIST_FILE = MusicPlayerUITests/Info.plist;
				LD_RUNPATH_SEARCH_PATHS = (
					"$(inherited)",
					"@executable_path/Frameworks",
					"@loader_path/Frameworks",
				);
				PRODUCT_BUNDLE_IDENTIFIER = com.example.MusicPlayerUITests;
				PRODUCT_NAME = "$(TARGET_NAME)";
				SWIFT_VERSION = 4.0;
				TARGETED_DEVICE_FAMILY = "1,2";
				TEST_TARGET_NAME = MusicPlayer;
			};
			name = Debug;
		};
		D61DF41F20A2F1D500769D3F /* Release */ = {
			isa = XCBuildConfiguration;
			buildSettings = {
				ALWAYS_EMBED_SWIFT_STANDARD_LIBRARIES = YES;
				CODE_SIGN_STYLE = Automatic;
				INFOPLIST_FILE = MusicPlayerUITests/Info.plist;
				LD_RUNPATH_SEARCH_PATHS = (
					"$(inherited)",
					"@executable_path/Frameworks",
					"@loader_path/Frameworks",
				);
				PRODUCT_BUNDLE_IDENTIFIER = com.example.MusicPlayerUITests;
				PRODUCT_NAME = "$(TARGET_NAME)";
				SWIFT_VERSION = 4.0;
				TARGETED_DEVICE_FAMILY = "1,2";
				TEST_TARGET_NAME = MusicPlayer;
			};
			name = Release;
		};
/* End XCBuildConfiguration section */

/* Begin XCConfigurationList section */
		D61DF3EA20A2F1D400769D3F /* Build configuration list for PBXProject "MusicPlayer" */ = {
			isa = XCConfigurationList;
			buildConfigurations = (
				D61DF41520A2F1D500769D3F /* Debug */,
				D61DF41620A2F1D500769D3F /* Release */,
			);
			defaultConfigurationIsVisible = 0;
			defaultConfigurationName = Release;
		};
		D61DF41720A2F1D500769D3F /* Build configuration list for PBXNativeTarget "MusicPlayer" */ = {
			isa = XCConfigurationList;
			buildConfigurations = (
				D61DF41820A2F1D500769D3F /* Debug */,
				D61DF41920A2F1D500769D3F /* Release */,
			);
			defaultConfigurationIsVisible = 0;
			defaultConfigurationName = Release;
		};
		D61DF41A20A2F1D500769D3F /* Build configuration list for PBXNativeTarget "MusicPlayerTests" */ = {
			isa = XCConfigurationList;
			buildConfigurations = (
				D61DF41B20A2F1D500769D3F /* Debug */,
				D61DF41C20A2F1D500769D3F /* Release */,
			);
			defaultConfigurationIsVisible = 0;
			defaultConfigurationName = Release;
		};
		D61DF41D20A2F1D500769D3F /* Build configuration list for PBXNativeTarget "MusicPlayerUITests" */ = {
			isa = XCConfigurationList;
			buildConfigurations = (
				D61DF41E20A2F1D500769D3F /* Debug */,
				D61DF41F20A2F1D500769D3F /* Release */,
			);
			defaultConfigurationIsVisible = 0;
			defaultConfigurationName = Release;
		};
/* End XCConfigurationList section */
	};
	rootObject = D61DF3E720A2F1D400769D3F /* Project object */;
}
